
Microsoft Visual Studio Solution File, Format Version 12.00
# Visual Studio Version 17
VisualStudioVersion = 17.9.34723.18
MinimumVisualStudioVersion = 10.0.40219.1
Project("{FAE04EC0-301F-11D3-BF4B-00C04F79EFBC}") = "DataArtApp", "DataArtApp\DataArtApp.csproj", "{8C4B6542-B7BE-4466-97E2-B50426EB22D0}"
EndProject
Project("{FAE04EC0-301F-11D3-BF4B-00C04F79EFBC}") = "DataArtAppTests", "DataArtAppTests\DataArtAppTests.csproj", "{9CF6067E-7E2D-41C6-AA63-F47238E0B0F4}"
EndProject
Global
	GlobalSection(SolutionConfigurationPlatforms) = preSolution
		Debug|Any CPU = Debug|Any CPU
		Release|Any CPU = Release|Any CPU
	EndGlobalSection
	GlobalSection(ProjectConfigurationPlatforms) = postSolution
		{8C4B6542-B7BE-4466-97E2-B50426EB22D0}.Debug|Any CPU.ActiveCfg = Debug|Any CPU
		{8C4B6542-B7BE-4466-97E2-B50426EB22D0}.Debug|Any CPU.Build.0 = Debug|Any CPU
		{8C4B6542-B7BE-4466-97E2-B50426EB22D0}.Release|Any CPU.ActiveCfg = Release|Any CPU
		{8C4B6542-B7BE-4466-97E2-B50426EB22D0}.Release|Any CPU.Build.0 = Release|Any CPU
		{9CF6067E-7E2D-41C6-AA63-F47238E0B0F4}.Debug|Any CPU.ActiveCfg = Debug|Any CPU
		{9CF6067E-7E2D-41C6-AA63-F47238E0B0F4}.Debug|Any CPU.Build.0 = Debug|Any CPU
		{9CF6067E-7E2D-41C6-AA63-F47238E0B0F4}.Release|Any CPU.ActiveCfg = Release|Any CPU
		{9CF6067E-7E2D-41C6-AA63-F47238E0B0F4}.Release|Any CPU.Build.0 = Release|Any CPU
	EndGlobalSection
	GlobalSection(SolutionProperties) = preSolution
		HideSolutionNode = FALSE
	EndGlobalSection
	GlobalSection(ExtensibilityGlobals) = postSolution
		SolutionGuid = {91580E19-BB9D-4304-A471-C3BB05001CDF}
	EndGlobalSection
EndGlobal
